
Microsoft Visual Studio Solution File, Format Version 12.00
# Visual Studio 15
VisualStudioVersion = 15.0.28307.168
MinimumVisualStudioVersion = 10.0.40219.1
Project("{9A19103F-16F7-4668-BE54-9A1E7A4F7556}") = "OnlineStudents.Web", "OnlineStudents.Web\OnlineStudents.Web.csproj", "{8BA65267-71F4-4599-8C54-214B42D30D46}"
EndProject
Project("{FAE04EC0-301F-11D3-BF4B-00C04F79EFBC}") = "RSS.Providers.Canvas", "RSS.Providers.Canvas\RSS.Providers.Canvas.csproj", "{F425837B-66E1-44F2-B24B-5D00C36601B4}"
EndProject
Global
	GlobalSection(SolutionConfigurationPlatforms) = preSolution
		Debug|Any CPU = Debug|Any CPU
		Release|Any CPU = Release|Any CPU
	EndGlobalSection
	GlobalSection(ProjectConfigurationPlatforms) = postSolution
		{8BA65267-71F4-4599-8C54-214B42D30D46}.Debug|Any CPU.ActiveCfg = Debug|Any CPU
		{8BA65267-71F4-4599-8C54-214B42D30D46}.Debug|Any CPU.Build.0 = Debug|Any CPU
		{8BA65267-71F4-4599-8C54-214B42D30D46}.Release|Any CPU.ActiveCfg = Release|Any CPU
		{8BA65267-71F4-4599-8C54-214B42D30D46}.Release|Any CPU.Build.0 = Release|Any CPU
		{F425837B-66E1-44F2-B24B-5D00C36601B4}.Debug|Any CPU.ActiveCfg = Debug|Any CPU
		{F425837B-66E1-44F2-B24B-5D00C36601B4}.Debug|Any CPU.Build.0 = Debug|Any CPU
		{F425837B-66E1-44F2-B24B-5D00C36601B4}.Release|Any CPU.ActiveCfg = Release|Any CPU
		{F425837B-66E1-44F2-B24B-5D00C36601B4}.Release|Any CPU.Build.0 = Release|Any CPU
	EndGlobalSection
	GlobalSection(SolutionProperties) = preSolution
		HideSolutionNode = FALSE
	EndGlobalSection
	GlobalSection(ExtensibilityGlobals) = postSolution
		SolutionGuid = {88B6A96A-7284-440D-9599-1A6C4D2D94A8}
	EndGlobalSection
EndGlobal
